
Microsoft Visual Studio Solution File, Format Version 12.00
# Visual Studio Version 16
VisualStudioVersion = 16.0.29306.81
MinimumVisualStudioVersion = 10.0.40219.1
Project("{8BC9CEB8-8B4A-11D0-8D11-00A0C91BC942}") = "Graphs", "Graphs\Graphs.vcxproj", "{D17C7D5E-AA60-4082-BB54-B31CE97C0F79}"
EndProject
Project("{8BC9CEB8-8B4A-11D0-8D11-00A0C91BC942}") = "UnitTest1", "UnitTest1\UnitTest1.vcxproj", "{3413CC32-CDB5-4F35-8FDE-1F3303A3B5F4}"
EndProject
Global
	GlobalSection(SolutionConfigurationPlatforms) = preSolution
		Debug|x64 = Debug|x64
		Debug|x86 = Debug|x86
		Release|x64 = Release|x64
		Release|x86 = Release|x86
	EndGlobalSection
	GlobalSection(ProjectConfigurationPlatforms) = postSolution
		{D17C7D5E-AA60-4082-BB54-B31CE97C0F79}.Debug|x64.ActiveCfg = Debug|x64
		{D17C7D5E-AA60-4082-BB54-B31CE97C0F79}.Debug|x64.Build.0 = Debug|x64
		{D17C7D5E-AA60-4082-BB54-B31CE97C0F79}.Debug|x86.ActiveCfg = Debug|Win32
		{D17C7D5E-AA60-4082-BB54-B31CE97C0F79}.Debug|x86.Build.0 = Debug|Win32
		{D17C7D5E-AA60-4082-BB54-B31CE97C0F79}.Release|x64.ActiveCfg = Release|x64
		{D17C7D5E-AA60-4082-BB54-B31CE97C0F79}.Release|x64.Build.0 = Release|x64
		{D17C7D5E-AA60-4082-BB54-B31CE97C0F79}.Release|x86.ActiveCfg = Release|Win32
		{D17C7D5E-AA60-4082-BB54-B31CE97C0F79}.Release|x86.Build.0 = Release|Win32
		{3413CC32-CDB5-4F35-8FDE-1F3303A3B5F4}.Debug|x64.ActiveCfg = Debug|x64
		{3413CC32-CDB5-4F35-8FDE-1F3303A3B5F4}.Debug|x64.Build.0 = Debug|x64
		{3413CC32-CDB5-4F35-8FDE-1F3303A3B5F4}.Debug|x86.ActiveCfg = Debug|Win32
		{3413CC32-CDB5-4F35-8FDE-1F3303A3B5F4}.Debug|x86.Build.0 = Debug|Win32
		{3413CC32-CDB5-4F35-8FDE-1F3303A3B5F4}.Release|x64.ActiveCfg = Release|x64
		{3413CC32-CDB5-4F35-8FDE-1F3303A3B5F4}.Release|x64.Build.0 = Release|x64
		{3413CC32-CDB5-4F35-8FDE-1F3303A3B5F4}.Release|x86.ActiveCfg = Release|Win32
		{3413CC32-CDB5-4F35-8FDE-1F3303A3B5F4}.Release|x86.Build.0 = Release|Win32
	EndGlobalSection
	GlobalSection(SolutionProperties) = preSolution
		HideSolutionNode = FALSE
	EndGlobalSection
	GlobalSection(ExtensibilityGlobals) = postSolution
		SolutionGuid = {A1E35C67-27AF-45C7-B2D8-7B5229794EB5}
	EndGlobalSection
EndGlobal
